
Microsoft Visual Studio Solution File, Format Version 12.00
# Visual Studio Version 17
VisualStudioVersion = 17.13.35919.96 d17.13
MinimumVisualStudioVersion = 10.0.40219.1
Project("{FAE04EC0-301F-11D3-BF4B-00C04F79EFBC}") = "LlamaStoreService", "LlamaStoreService\LlamaStoreService.csproj", "{1251A0CD-2752-4E27-B447-A18E6D3D2FA5}"
EndProject
Global
	GlobalSection(SolutionConfigurationPlatforms) = preSolution
		Debug|Any CPU = Debug|Any CPU
		Release|Any CPU = Release|Any CPU
	EndGlobalSection
	GlobalSection(ProjectConfigurationPlatforms) = postSolution
		{1251A0CD-2752-4E27-B447-A18E6D3D2FA5}.Debug|Any CPU.ActiveCfg = Debug|Any CPU
		{1251A0CD-2752-4E27-B447-A18E6D3D2FA5}.Debug|Any CPU.Build.0 = Debug|Any CPU
		{1251A0CD-2752-4E27-B447-A18E6D3D2FA5}.Release|Any CPU.ActiveCfg = Release|Any CPU
		{1251A0CD-2752-4E27-B447-A18E6D3D2FA5}.Release|Any CPU.Build.0 = Release|Any CPU
	EndGlobalSection
	GlobalSection(SolutionProperties) = preSolution
		HideSolutionNode = FALSE
	EndGlobalSection
	GlobalSection(ExtensibilityGlobals) = postSolution
		SolutionGuid = {95FFA423-6934-4F4F-97C5-697C099AE3C6}
	EndGlobalSection
EndGlobal
